<Solution>
  <Folder Name="/infra/">
    <File Path="infrastructure/.env.example" />
    <File Path="infrastructure/compose.md" />
    <File Path="infrastructure/docker-compose.yml" />
    <File Path="infrastructure/Dockerfile" />
  </Folder>
  <Folder Name="/src/">
    <Project Path="src/TsiBroker.ApiService/TsiBroker.ApiService.csproj" />
    <Project Path="src/TsiBroker.AppHost/TsiBroker.AppHost.csproj" />
    <Project Path="src/TsiBroker.Core/TsiBroker.Core.csproj" />
    <Project Path="src/TsiBroker.Im.Api/TsiBroker.Im.Api.csproj" />
    <Project Path="src/TsiBroker.Ru.Api/TsiBroker.Ru.Api.csproj" />
    <Project Path="src/TsiBroker.Ui/TsiBroker.Ui.esproj">
      <Build />
      <Deploy />
    </Project>
  </Folder>
</Solution>
